
Microsoft Visual Studio Solution File, Format Version 12.00
# Visual Studio 15
VisualStudioVersion = 15.0.28010.2026
MinimumVisualStudioVersion = 10.0.40219.1
Project("{FAE04EC0-301F-11D3-BF4B-00C04F79EFBC}") = "Compliant Management and Evaluation System", "MobileApplication\Compliant Management and Evaluation System.csproj", "{F4548A06-7152-4B87-9E01-97B5E19755EE}"
EndProject
Global
	GlobalSection(SolutionConfigurationPlatforms) = preSolution
		Debug|Any CPU = Debug|Any CPU
		Release|Any CPU = Release|Any CPU
	EndGlobalSection
	GlobalSection(ProjectConfigurationPlatforms) = postSolution
		{F4548A06-7152-4B87-9E01-97B5E19755EE}.Debug|Any CPU.ActiveCfg = Debug|Any CPU
		{F4548A06-7152-4B87-9E01-97B5E19755EE}.Debug|Any CPU.Build.0 = Debug|Any CPU
		{F4548A06-7152-4B87-9E01-97B5E19755EE}.Debug|Any CPU.Deploy.0 = Debug|Any CPU
		{F4548A06-7152-4B87-9E01-97B5E19755EE}.Release|Any CPU.ActiveCfg = Release|Any CPU
		{F4548A06-7152-4B87-9E01-97B5E19755EE}.Release|Any CPU.Build.0 = Release|Any CPU
		{F4548A06-7152-4B87-9E01-97B5E19755EE}.Release|Any CPU.Deploy.0 = Release|Any CPU
	EndGlobalSection
	GlobalSection(SolutionProperties) = preSolution
		HideSolutionNode = FALSE
	EndGlobalSection
	GlobalSection(ExtensibilityGlobals) = postSolution
		SolutionGuid = {0F41FCEB-B4C4-4A23-B278-8681B1A9D053}
	EndGlobalSection
EndGlobal
